
Microsoft Visual Studio Solution File, Format Version 12.00
# Visual Studio Version 17
VisualStudioVersion = 17.9.34728.123
MinimumVisualStudioVersion = 10.0.40219.1
Project("{9A19103F-16F7-4668-BE54-9A1E7A4F7556}") = "pptx-api", "pptx-api.csproj", "{9B1ECE51-C130-4F7F-86C5-89B72430DA07}"
EndProject
Project("{9A19103F-16F7-4668-BE54-9A1E7A4F7556}") = "PptxServiceConsoleApp", "..\PptxServiceConsoleApp\PptxServiceConsoleApp.csproj", "{57DB8F63-1945-48B1-98C9-62C799815B8A}"
EndProject
Project("{2150E333-8FDC-42A3-9474-1A3956D46DE8}") = "Solution Items", "Solution Items", "{B27DFA00-494B-4F78-8923-318C6BC0A07C}"
	ProjectSection(SolutionItems) = preProject
		..\OpenShift\crc-restart-todo.md = ..\OpenShift\crc-restart-todo.md
		..\OpenShift\pptx-api.buildconfig.yaml = ..\OpenShift\pptx-api.buildconfig.yaml
		..\OpenShift\pptx-api.deployment.yaml = ..\OpenShift\pptx-api.deployment.yaml
	EndProjectSection
EndProject
Global
	GlobalSection(SolutionConfigurationPlatforms) = preSolution
		Debug|Any CPU = Debug|Any CPU
		Release|Any CPU = Release|Any CPU
	EndGlobalSection
	GlobalSection(ProjectConfigurationPlatforms) = postSolution
		{9B1ECE51-C130-4F7F-86C5-89B72430DA07}.Debug|Any CPU.ActiveCfg = Debug|Any CPU
		{9B1ECE51-C130-4F7F-86C5-89B72430DA07}.Debug|Any CPU.Build.0 = Debug|Any CPU
		{9B1ECE51-C130-4F7F-86C5-89B72430DA07}.Release|Any CPU.ActiveCfg = Release|Any CPU
		{9B1ECE51-C130-4F7F-86C5-89B72430DA07}.Release|Any CPU.Build.0 = Release|Any CPU
		{57DB8F63-1945-48B1-98C9-62C799815B8A}.Debug|Any CPU.ActiveCfg = Debug|Any CPU
		{57DB8F63-1945-48B1-98C9-62C799815B8A}.Debug|Any CPU.Build.0 = Debug|Any CPU
		{57DB8F63-1945-48B1-98C9-62C799815B8A}.Release|Any CPU.ActiveCfg = Release|Any CPU
		{57DB8F63-1945-48B1-98C9-62C799815B8A}.Release|Any CPU.Build.0 = Release|Any CPU
	EndGlobalSection
	GlobalSection(SolutionProperties) = preSolution
		HideSolutionNode = FALSE
	EndGlobalSection
	GlobalSection(ExtensibilityGlobals) = postSolution
		SolutionGuid = {46435213-B6C3-4B27-9712-B8AF572741D8}
	EndGlobalSection
EndGlobal
