
Microsoft Visual Studio Solution File, Format Version 12.00
# Visual Studio Version 17
VisualStudioVersion = 17.9.34728.123
MinimumVisualStudioVersion = 10.0.40219.1
Project("{9A19103F-16F7-4668-BE54-9A1E7A4F7556}") = "movie-api", "movie-api.csproj", "{5AAB4A62-694E-42CD-9C32-8A387A7C115C}"
EndProject
Global
	GlobalSection(SolutionConfigurationPlatforms) = preSolution
		Debug|Any CPU = Debug|Any CPU
		Release|Any CPU = Release|Any CPU
	EndGlobalSection
	GlobalSection(ProjectConfigurationPlatforms) = postSolution
		{5AAB4A62-694E-42CD-9C32-8A387A7C115C}.Debug|Any CPU.ActiveCfg = Debug|Any CPU
		{5AAB4A62-694E-42CD-9C32-8A387A7C115C}.Debug|Any CPU.Build.0 = Debug|Any CPU
		{5AAB4A62-694E-42CD-9C32-8A387A7C115C}.Release|Any CPU.ActiveCfg = Release|Any CPU
		{5AAB4A62-694E-42CD-9C32-8A387A7C115C}.Release|Any CPU.Build.0 = Release|Any CPU
	EndGlobalSection
	GlobalSection(SolutionProperties) = preSolution
		HideSolutionNode = FALSE
	EndGlobalSection
	GlobalSection(ExtensibilityGlobals) = postSolution
		SolutionGuid = {16200AE1-5AE7-4895-AD52-82C6C7070173}
	EndGlobalSection
EndGlobal
